{
  "version": 4,
  "terraform_version": "1.11.4",
  "serial": 28,
  "lineage": "b8762015-e8e0-4d29-c7d1-ff474da83f9b",
  "outputs": {
    "jenkins_private_ip": {
      "value": "172.31.26.8",
      "type": "string"
    },
    "jenkins_public_ip": {
      "value": "54.234.147.102",
      "type": "string"
    },
    "monitoring_public_ip": {
      "value": "3.89.243.242",
      "type": "string"
    }
  },
  "resources": [
    {
      "mode": "managed",
      "type": "aws_default_subnet",
      "name": "default_subnet",
      "provider": "provider[\"registry.terraform.io/hashicorp/aws\"]",
      "instances": [
        {
          "schema_version": 1,
          "attributes": {
            "arn": "arn:aws:ec2:us-east-1:002298879977:subnet/subnet-04022032bec7ce516",
            "assign_ipv6_address_on_creation": false,
            "availability_zone": "us-east-1a",
            "availability_zone_id": "use1-az4",
            "cidr_block": "172.31.16.0/20",
            "customer_owned_ipv4_pool": "",
            "enable_dns64": false,
            "enable_lni_at_device_index": 0,
            "enable_resource_name_dns_a_record_on_launch": false,
            "enable_resource_name_dns_aaaa_record_on_launch": false,
            "existing_default_subnet": true,
            "force_destroy": false,
            "id": "subnet-04022032bec7ce516",
            "ipv6_cidr_block": "",
            "ipv6_cidr_block_association_id": "",
            "ipv6_native": false,
            "map_customer_owned_ip_on_launch": false,
            "map_public_ip_on_launch": true,
            "outpost_arn": "",
            "owner_id": "002298879977",
            "private_dns_hostname_type_on_launch": "ip-name",
            "region": "us-east-1",
            "tags": {
              "Name": "Default subnet for us-east-1a"
            },
            "tags_all": {
              "Name": "Default subnet for us-east-1a"
            },
            "timeouts": null,
            "vpc_id": "vpc-0886e3f65f69fa43c"
          },
          "sensitive_attributes": [],
          "private": "eyJlMmJmYjczMC1lY2FhLTExZTYtOGY4OC0zNDM2M2JjN2M0YzAiOnsiY3JlYXRlIjo2MDAwMDAwMDAwMDAsImRlbGV0ZSI6MTIwMDAwMDAwMDAwMH0sInNjaGVtYV92ZXJzaW9uIjoiMSJ9"
        }
      ]
    },
    {
      "mode": "managed",
      "type": "aws_default_vpc",
      "name": "default",
      "provider": "provider[\"registry.terraform.io/hashicorp/aws\"]",
      "instances": [
        {
          "schema_version": 1,
          "attributes": {
            "arn": "arn:aws:ec2:us-east-1:002298879977:vpc/vpc-0886e3f65f69fa43c",
            "assign_generated_ipv6_cidr_block": false,
            "cidr_block": "172.31.0.0/16",
            "default_network_acl_id": "acl-0dcc2542414fea701",
            "default_route_table_id": "rtb-0aa51ff09406630c9",
            "default_security_group_id": "sg-056dc4905bf26c7fc",
            "dhcp_options_id": "dopt-03b9e1f37dad4d1ca",
            "enable_dns_hostnames": true,
            "enable_dns_support": true,
            "enable_network_address_usage_metrics": false,
            "existing_default_vpc": true,
            "force_destroy": false,
            "id": "vpc-0886e3f65f69fa43c",
            "instance_tenancy": "default",
            "ipv6_association_id": "",
            "ipv6_cidr_block": "",
            "ipv6_cidr_block_network_border_group": "",
            "ipv6_ipam_pool_id": "",
            "ipv6_netmask_length": 0,
            "main_route_table_id": "rtb-0aa51ff09406630c9",
            "owner_id": "002298879977",
            "region": "us-east-1",
            "tags": {
              "Name": "Default VPC"
            },
            "tags_all": {
              "Name": "Default VPC"
            }
          },
          "sensitive_attributes": [],
          "private": "eyJzY2hlbWFfdmVyc2lvbiI6IjEifQ=="
        }
      ]
    },
    {
      "mode": "managed",
      "type": "aws_iam_instance_profile",
      "name": "iam_profile",
      "provider": "provider[\"registry.terraform.io/hashicorp/aws\"]",
      "instances": [
        {
          "schema_version": 0,
          "attributes": {
            "arn": "arn:aws:iam::002298879977:instance-profile/iam_profile",
            "create_date": "2025-09-14T08:57:23Z",
            "id": "iam_profile",
            "name": "iam_profile",
            "name_prefix": "",
            "path": "/",
            "role": "iam_role",
            "tags": null,
            "tags_all": {},
            "unique_id": "AIPAQBCIGD7UVGZSPYUZB"
          },
          "sensitive_attributes": [],
          "private": "bnVsbA==",
          "dependencies": [
            "aws_iam_role.iam_role"
          ]
        }
      ]
    },
    {
      "mode": "managed",
      "type": "aws_iam_role",
      "name": "iam_role",
      "provider": "provider[\"registry.terraform.io/hashicorp/aws\"]",
      "instances": [
        {
          "schema_version": 0,
          "attributes": {
            "arn": "arn:aws:iam::002298879977:role/iam_role",
            "assume_role_policy": "{\"Statement\":[{\"Action\":\"sts:AssumeRole\",\"Effect\":\"Allow\",\"Principal\":{\"Service\":\"ec2.amazonaws.com\"},\"Sid\":\"\"}],\"Version\":\"2012-10-17\"}",
            "create_date": "2025-09-14T08:57:22Z",
            "description": "",
            "force_detach_policies": false,
            "id": "iam_role",
            "inline_policy": [],
            "managed_policy_arns": [],
            "max_session_duration": 3600,
            "name": "iam_role",
            "name_prefix": "",
            "path": "/",
            "permissions_boundary": "",
            "tags": {
              "tag-key": "iam_role"
            },
            "tags_all": {
              "tag-key": "iam_role"
            },
            "unique_id": "AROAQBCIGD7UV2BHNHD27"
          },
          "sensitive_attributes": [],
          "private": "bnVsbA=="
        }
      ]
    },
    {
      "mode": "managed",
      "type": "aws_iam_role_policy",
      "name": "test_policy",
      "provider": "provider[\"registry.terraform.io/hashicorp/aws\"]",
      "instances": [
        {
          "schema_version": 0,
          "attributes": {
            "id": "iam_role:test_policy",
            "name": "test_policy",
            "name_prefix": "",
            "policy": "{\"Version\":\"2012-10-17\",\"Statement\":[{\"Action\":[\"ec2:Describe*\"],\"Effect\":\"Allow\",\"Resource\":\"*\"}]}",
            "role": "iam_role"
          },
          "sensitive_attributes": [],
          "private": "bnVsbA==",
          "dependencies": [
            "aws_iam_role.iam_role"
          ]
        }
      ]
    },
    {
      "mode": "managed",
      "type": "aws_instance",
      "name": "jenkins",
      "provider": "provider[\"registry.terraform.io/hashicorp/aws\"]",
      "instances": [
        {
          "schema_version": 2,
          "attributes": {
            "ami": "ami-0360c520857e3138f",
            "arn": "arn:aws:ec2:us-east-1:002298879977:instance/i-06e71ca253edd56f6",
            "associate_public_ip_address": true,
            "availability_zone": "us-east-1a",
            "capacity_reservation_specification": [
              {
                "capacity_reservation_preference": "open",
                "capacity_reservation_target": []
              }
            ],
            "cpu_options": [
              {
                "amd_sev_snp": "",
                "core_count": 4,
                "threads_per_core": 1
              }
            ],
            "credit_specification": [
              {
                "cpu_credits": "standard"
              }
            ],
            "disable_api_stop": false,
            "disable_api_termination": false,
            "ebs_block_device": [],
            "ebs_optimized": false,
            "enable_primary_ipv6": null,
            "enclave_options": [
              {
                "enabled": false
              }
            ],
            "ephemeral_block_device": [],
            "force_destroy": false,
            "get_password_data": false,
            "hibernation": false,
            "host_id": "",
            "host_resource_group_arn": null,
            "iam_instance_profile": "iam_profile",
            "id": "i-06e71ca253edd56f6",
            "instance_initiated_shutdown_behavior": "stop",
            "instance_lifecycle": "",
            "instance_market_options": [],
            "instance_state": "running",
            "instance_type": "t2.xlarge",
            "ipv6_address_count": 0,
            "ipv6_addresses": [],
            "key_name": "maryamkey",
            "launch_template": [],
            "maintenance_options": [
              {
                "auto_recovery": "default"
              }
            ],
            "metadata_options": [
              {
                "http_endpoint": "enabled",
                "http_protocol_ipv6": "disabled",
                "http_put_response_hop_limit": 2,
                "http_tokens": "required",
                "instance_metadata_tags": "disabled"
              }
            ],
            "monitoring": false,
            "network_interface": [],
            "outpost_arn": "",
            "password_data": "",
            "placement_group": "",
            "placement_group_id": "",
            "placement_partition_number": 0,
            "primary_network_interface": [
              {
                "delete_on_termination": true,
                "network_interface_id": "eni-0075a73fc7d365521"
              }
            ],
            "primary_network_interface_id": "eni-0075a73fc7d365521",
            "private_dns": "ip-172-31-26-8.ec2.internal",
            "private_dns_name_options": [
              {
                "enable_resource_name_dns_a_record": false,
                "enable_resource_name_dns_aaaa_record": false,
                "hostname_type": "ip-name"
              }
            ],
            "private_ip": "172.31.26.8",
            "public_dns": "ec2-54-234-147-102.compute-1.amazonaws.com",
            "public_ip": "54.234.147.102",
            "region": "us-east-1",
            "root_block_device": [
              {
                "delete_on_termination": true,
                "device_name": "/dev/sda1",
                "encrypted": false,
                "iops": 100,
                "kms_key_id": "",
                "tags": null,
                "tags_all": {},
                "throughput": 0,
                "volume_id": "vol-07e100bd4d71f18ed",
                "volume_size": 25,
                "volume_type": "gp2"
              }
            ],
            "secondary_private_ips": [],
            "security_groups": [
              "maryam_sg"
            ],
            "source_dest_check": true,
            "spot_instance_request_id": "",
            "subnet_id": "subnet-04022032bec7ce516",
            "tags": {
              "Name": "maryam_instance-jenkins"
            },
            "tags_all": {
              "Name": "maryam_instance-jenkins"
            },
            "tenancy": "default",
            "timeouts": null,
            "user_data": "#!/bin/bash\n\n#server update\nsudo apt-get update -y\n\n# install jenkins on ubuntu 16.04 LTS\nsudo apt-get install -y openjdk-17-jre curl gpg\n\nsudo mkdir -p /etc/apt/keyrings\ncurl -fsSL https://pkg.jenkins.io/debian-stable/jenkins.io-2023.key | sudo gpg --dearmor -o /etc/apt/keyrings/jenkins.gpg\necho \"deb [signed-by=/etc/apt/keyrings/jenkins.gpg] https://pkg.jenkins.io/debian-stable binary/\" | sudo tee /etc/apt/sources.list.d/jenkins.list \u003e /dev/null\nsudo apt-get update\nsudo apt-get install -y jenkins\nsudo systemctl enable jenkins\nsudo systemctl start jenkins\n\n#install maven\nsudo apt-get install -y maven\n\n#install git \nsudo apt-get install -y git\n\n#install docker\nsudo apt update\nsudo apt install -y ca-certificates curl gnupg\nsudo install -m 0755 -d /etc/apt/keyrings -y\ncurl -fsSL https://download.docker.com/linux/ubuntu/gpg | sudo gpg --dearmor -o /etc/apt/keyrings/docker.gpg\nsudo chmod a+r /etc/apt/keyrings/docker.gpg\necho \\\n  \"deb [arch=\"$(dpkg --print-architecture)\" signed-by=/etc/apt/keyrings/docker.gpg] https://download.docker.com/linux/ubuntu \\\n  \"$(. /etc/os-release \u0026\u0026 echo \"$VERSION_CODENAME\")\" stable\" | \\\nsudo tee /etc/apt/sources.list.d/docker.list \u003e /dev/null\nsudo apt update\nsudo apt install -y docker-ce docker-ce-cli containerd.io docker-buildx-plugin docker-compose-plugin\n\n#install nodejs and npm\nsudo apt-get install -y nodejs npm\nsudo apt-get install npm -y\n\n#amazon cli install \nsudo apt-get install -y unzip\ncurl \"https://awscli.amazonaws.com/awscli-exe-linux-x86_64.zip\" -o \"awscliv2.zip\"\nunzip awscliv2.zip\nsudo ./aws/install\nrm awscliv2.zip\n\n\n#install kubectl\ncurl -O https://s3.us-west-2.amazonaws.com/amazon-eks/1.30.14/2025-08-20/bin/linux/amd64/kubectl\nchmod +x ./kubectl\nmkdir -p $HOME/bin \u0026\u0026 cp ./kubectl $HOME/bin/kubectl \u0026\u0026 export PATH=$HOME/bin:$PATH\necho 'export PATH=$HOME/bin:$PATH' \u003e\u003e ~/.bashrc\n\n#eks installation\n# for ARM systems, set ARCH to: `arm64`, `armv6` or `armv7`\nARCH=amd64\nPLATFORM=$(uname -s)_$ARCH\n\ncurl -sLO \"https://github.com/eksctl-io/eksctl/releases/latest/download/eksctl_$PLATFORM.tar.gz\"\n\n# (Optional) Verify checksum\ncurl -sL \"https://github.com/eksctl-io/eksctl/releases/latest/download/eksctl_checksums.txt\" | grep $PLATFORM | sha256sum --check\n\ntar -xzf eksctl_$PLATFORM.tar.gz -C /tmp \u0026\u0026 rm eksctl_$PLATFORM.tar.gz\n\nsudo install -m 0755 /tmp/eksctl /usr/local/bin \u0026\u0026 rm /tmp/eksctl \n\n#add user jenkins to docker group\nsudo usermod -aG docker jenkins\nsudo newgrp docker\nsudo usermod -aG docker ubuntu\nsudo newgrp docker\nsudo systemctl restart jenkins\nsudo systemctl restart docker\nsudo systemctl start docker\nsudo systemctl enable docker\n\n\n# Install Node Exporter\necho \"Installing Node Exporter...\"\ncd /tmp\nNODE_EXPORTER_VERSION=\"1.8.1\"\nwget https://github.com/prometheus/node_exporter/releases/download/v$NODE_EXPORTER_VERSION/node_exporter-$NODE_EXPORTER_VERSION.linux-amd64.tar.gz\ntar xvf node_exporter-$NODE_EXPORTER_VERSION.linux-amd64.tar.gz\nsudo mv node_exporter-$NODE_EXPORTER_VERSION.linux-amd64/node_exporter /usr/local/bin/\n\n# Create node_exporter user\nsudo useradd -rs /bin/false nodeusr\n\n# Create systemd service\ncat \u003c\u003cEOF | sudo tee /etc/systemd/system/node_exporter.service\n[Unit]\nDescription=Node Exporter\nAfter=network.target\n\n[Service]\nUser=nodeusr\nExecStart=/usr/local/bin/node_exporter\n\n[Install]\nWantedBy=default.target\nEOF\n\n# Start Node Exporter\nsudo systemctl daemon-reload\nsudo systemctl enable node_exporter\nsudo systemctl start node_exporter\necho \"Node Exporter installed and running on port 9100.\"\n\n\n# installation of ZAP\necho \"Installing OWASP ZAP...\"\nwget https://github.com/zaproxy/zaproxy/releases/download/v2.16.1/ZAP_2.16.1_Linux.tar.gz\nsudo tar -xvzf ZAP_2.16.1_Linux.tar.gz\ncd ZAP_2.16.1\nsudo ./zap.sh",
            "user_data_base64": null,
            "user_data_replace_on_change": false,
            "volume_tags": null,
            "vpc_security_group_ids": [
              "sg-0085c27183928f219"
            ]
          },
          "sensitive_attributes": [],
          "private": "eyJlMmJmYjczMC1lY2FhLTExZTYtOGY4OC0zNDM2M2JjN2M0YzAiOnsiY3JlYXRlIjo2MDAwMDAwMDAwMDAsImRlbGV0ZSI6MTIwMDAwMDAwMDAwMCwicmVhZCI6OTAwMDAwMDAwMDAwLCJ1cGRhdGUiOjYwMDAwMDAwMDAwMH0sInNjaGVtYV92ZXJzaW9uIjoiMiJ9",
          "dependencies": [
            "aws_default_subnet.default_subnet",
            "aws_default_vpc.default",
            "aws_iam_instance_profile.iam_profile",
            "aws_iam_role.iam_role",
            "aws_security_group.maryam_sg"
          ]
        }
      ]
    },
    {
      "mode": "managed",
      "type": "aws_instance",
      "name": "monitoring",
      "provider": "provider[\"registry.terraform.io/hashicorp/aws\"]",
      "instances": [
        {
          "schema_version": 2,
          "attributes": {
            "ami": "ami-0360c520857e3138f",
            "arn": "arn:aws:ec2:us-east-1:002298879977:instance/i-0fab79b32d905ce44",
            "associate_public_ip_address": true,
            "availability_zone": "us-east-1a",
            "capacity_reservation_specification": [
              {
                "capacity_reservation_preference": "open",
                "capacity_reservation_target": []
              }
            ],
            "cpu_options": [
              {
                "amd_sev_snp": "",
                "core_count": 4,
                "threads_per_core": 1
              }
            ],
            "credit_specification": [
              {
                "cpu_credits": "standard"
              }
            ],
            "disable_api_stop": false,
            "disable_api_termination": false,
            "ebs_block_device": [],
            "ebs_optimized": false,
            "enable_primary_ipv6": null,
            "enclave_options": [
              {
                "enabled": false
              }
            ],
            "ephemeral_block_device": [],
            "force_destroy": false,
            "get_password_data": false,
            "hibernation": false,
            "host_id": "",
            "host_resource_group_arn": null,
            "iam_instance_profile": "iam_profile",
            "id": "i-0fab79b32d905ce44",
            "instance_initiated_shutdown_behavior": "stop",
            "instance_lifecycle": "",
            "instance_market_options": [],
            "instance_state": "running",
            "instance_type": "t2.xlarge",
            "ipv6_address_count": 0,
            "ipv6_addresses": [],
            "key_name": "maryamkey",
            "launch_template": [],
            "maintenance_options": [
              {
                "auto_recovery": "default"
              }
            ],
            "metadata_options": [
              {
                "http_endpoint": "enabled",
                "http_protocol_ipv6": "disabled",
                "http_put_response_hop_limit": 2,
                "http_tokens": "required",
                "instance_metadata_tags": "disabled"
              }
            ],
            "monitoring": false,
            "network_interface": [],
            "outpost_arn": "",
            "password_data": "",
            "placement_group": "",
            "placement_group_id": "",
            "placement_partition_number": 0,
            "primary_network_interface": [
              {
                "delete_on_termination": true,
                "network_interface_id": "eni-0b9d3edca0d282cdd"
              }
            ],
            "primary_network_interface_id": "eni-0b9d3edca0d282cdd",
            "private_dns": "ip-172-31-25-176.ec2.internal",
            "private_dns_name_options": [
              {
                "enable_resource_name_dns_a_record": false,
                "enable_resource_name_dns_aaaa_record": false,
                "hostname_type": "ip-name"
              }
            ],
            "private_ip": "172.31.25.176",
            "public_dns": "ec2-3-89-243-242.compute-1.amazonaws.com",
            "public_ip": "3.89.243.242",
            "region": "us-east-1",
            "root_block_device": [
              {
                "delete_on_termination": true,
                "device_name": "/dev/sda1",
                "encrypted": false,
                "iops": 100,
                "kms_key_id": "",
                "tags": null,
                "tags_all": {},
                "throughput": 0,
                "volume_id": "vol-0cf2125516e545f8c",
                "volume_size": 25,
                "volume_type": "gp2"
              }
            ],
            "secondary_private_ips": [],
            "security_groups": [
              "maryam_sg"
            ],
            "source_dest_check": true,
            "spot_instance_request_id": "",
            "subnet_id": "subnet-04022032bec7ce516",
            "tags": {
              "Name": "maryam_instance-monitoring"
            },
            "tags_all": {
              "Name": "maryam_instance-monitoring"
            },
            "tenancy": "default",
            "timeouts": null,
            "user_data": "#!/bin/bash\nset -e\n\n# Update system\nsudo apt-get update -y\nsudo apt-get install -y wget tar\n\n# Install Prometheus\ncd /opt\nsudo wget https://github.com/prometheus/prometheus/releases/download/v2.53.0/prometheus-2.53.0.linux-amd64.tar.gz\nsudo tar -xvzf prometheus-2.53.0.linux-amd64.tar.gz\nsudo mv prometheus-2.53.0.linux-amd64 prometheus\ncd prometheus\n\n# Create Prometheus config with injected IPs\ncat \u003c\u003cEOF | sudo tee /opt/prometheus/prometheus.yml\nglobal:\n  scrape_interval: 15s\n\nscrape_configs:\n  - job_name: \"node_exporter\"\n    static_configs:\n      - targets: [\"172.31.26.8:9100\"]\n\n  - job_name: \"jenkins\"\n    metrics_path: /metrics\n    static_configs:\n      - targets: [\"172.31.26.8:8081\"]\n\n  - job_name: \"blackbox_jenkins\"\n    metrics_path: /probe\n    params:\n      module: [http_2xx]\n    static_configs:\n      - targets: [\"http://54.234.147.102:8081\"]\n    relabel_configs:\n      - source_labels: [__address__]\n        target_label: __param_target\n      - source_labels: [__param_target]\n        target_label: instance\n      - target_label: __address__\n        replacement: localhost:9115\n\n  - job_name: \"blackbox_app\"\n    metrics_path: /probe\n    params:\n      module: [http_2xx]\n    static_configs:\n      - targets: [\"http://54.234.147.102:8080\"]\n    relabel_configs:\n      - source_labels: [__address__]\n        target_label: __param_target\n      - source_labels: [__param_target]\n        target_label: instance\n      - target_label: __address__\n        replacement: localhost:9115\nEOF\n\n# Install Blackbox Exporter\ncd /opt\nsudo wget https://github.com/prometheus/blackbox_exporter/releases/download/v0.25.0/blackbox_exporter-0.25.0.linux-amd64.tar.gz\nsudo tar -xvzf blackbox_exporter-0.25.0.linux-amd64.tar.gz\nsudo mv blackbox_exporter-0.25.0.linux-amd64 blackbox_exporter\n\n# Install Grafana\nsudo apt-get install -y apt-transport-https software-properties-common\nwget -q -O - https://packages.grafana.com/gpg.key | sudo apt-key add -\necho \"deb https://packages.grafana.com/oss/deb stable main\" | sudo tee /etc/apt/sources.list.d/grafana.list\nsudo apt-get update -y\nsudo apt-get install -y grafana\n\n# Enable \u0026 start services\nnohup /opt/prometheus/prometheus --config.file=/opt/prometheus/prometheus.yml \u003e /opt/prometheus/prometheus.log 2\u003e\u00261 \u0026\nnohup /opt/blackbox_exporter/blackbox_exporter \u003e /opt/blackbox_exporter/blackbox.log 2\u003e\u00261 \u0026\nsudo systemctl enable grafana-server\nsudo systemctl start grafana-server\n",
            "user_data_base64": null,
            "user_data_replace_on_change": false,
            "volume_tags": null,
            "vpc_security_group_ids": [
              "sg-0085c27183928f219"
            ]
          },
          "sensitive_attributes": [],
          "private": "eyJlMmJmYjczMC1lY2FhLTExZTYtOGY4OC0zNDM2M2JjN2M0YzAiOnsiY3JlYXRlIjo2MDAwMDAwMDAwMDAsImRlbGV0ZSI6MTIwMDAwMDAwMDAwMCwicmVhZCI6OTAwMDAwMDAwMDAwLCJ1cGRhdGUiOjYwMDAwMDAwMDAwMH0sInNjaGVtYV92ZXJzaW9uIjoiMiJ9",
          "dependencies": [
            "aws_default_subnet.default_subnet",
            "aws_default_vpc.default",
            "aws_iam_instance_profile.iam_profile",
            "aws_iam_role.iam_role",
            "aws_instance.jenkins",
            "aws_security_group.maryam_sg"
          ]
        }
      ]
    },
    {
      "mode": "managed",
      "type": "aws_security_group",
      "name": "maryam_sg",
      "provider": "provider[\"registry.terraform.io/hashicorp/aws\"]",
      "instances": [
        {
          "schema_version": 1,
          "attributes": {
            "arn": "arn:aws:ec2:us-east-1:002298879977:security-group/sg-0085c27183928f219",
            "description": "Allow inbound traffic for monitoring tools",
            "egress": [
              {
                "cidr_blocks": [
                  "0.0.0.0/0"
                ],
                "description": "",
                "from_port": 0,
                "ipv6_cidr_blocks": [],
                "prefix_list_ids": [],
                "protocol": "-1",
                "security_groups": [],
                "self": false,
                "to_port": 0
              }
            ],
            "id": "sg-0085c27183928f219",
            "ingress": [
              {
                "cidr_blocks": [
                  "0.0.0.0/0"
                ],
                "description": "",
                "from_port": 22,
                "ipv6_cidr_blocks": [],
                "prefix_list_ids": [],
                "protocol": "tcp",
                "security_groups": [],
                "self": false,
                "to_port": 22
              },
              {
                "cidr_blocks": [
                  "0.0.0.0/0"
                ],
                "description": "",
                "from_port": 3000,
                "ipv6_cidr_blocks": [],
                "prefix_list_ids": [],
                "protocol": "tcp",
                "security_groups": [],
                "self": false,
                "to_port": 3000
              },
              {
                "cidr_blocks": [
                  "0.0.0.0/0"
                ],
                "description": "",
                "from_port": 8080,
                "ipv6_cidr_blocks": [],
                "prefix_list_ids": [],
                "protocol": "tcp",
                "security_groups": [],
                "self": false,
                "to_port": 8080
              },
              {
                "cidr_blocks": [
                  "0.0.0.0/0"
                ],
                "description": "",
                "from_port": 8081,
                "ipv6_cidr_blocks": [],
                "prefix_list_ids": [],
                "protocol": "tcp",
                "security_groups": [],
                "self": false,
                "to_port": 8081
              },
              {
                "cidr_blocks": [
                  "0.0.0.0/0"
                ],
                "description": "",
                "from_port": 80,
                "ipv6_cidr_blocks": [],
                "prefix_list_ids": [],
                "protocol": "tcp",
                "security_groups": [],
                "self": false,
                "to_port": 80
              },
              {
                "cidr_blocks": [
                  "0.0.0.0/0"
                ],
                "description": "",
                "from_port": 9090,
                "ipv6_cidr_blocks": [],
                "prefix_list_ids": [],
                "protocol": "tcp",
                "security_groups": [],
                "self": false,
                "to_port": 9090
              },
              {
                "cidr_blocks": [
                  "0.0.0.0/0"
                ],
                "description": "",
                "from_port": 9100,
                "ipv6_cidr_blocks": [],
                "prefix_list_ids": [],
                "protocol": "tcp",
                "security_groups": [],
                "self": false,
                "to_port": 9100
              },
              {
                "cidr_blocks": [
                  "0.0.0.0/0"
                ],
                "description": "",
                "from_port": 9115,
                "ipv6_cidr_blocks": [],
                "prefix_list_ids": [],
                "protocol": "tcp",
                "security_groups": [],
                "self": false,
                "to_port": 9115
              }
            ],
            "name": "maryam_sg",
            "name_prefix": "",
            "owner_id": "002298879977",
            "region": "us-east-1",
            "revoke_rules_on_delete": false,
            "tags": null,
            "tags_all": {},
            "timeouts": null,
            "vpc_id": "vpc-0886e3f65f69fa43c"
          },
          "sensitive_attributes": [],
          "private": "eyJlMmJmYjczMC1lY2FhLTExZTYtOGY4OC0zNDM2M2JjN2M0YzAiOnsiY3JlYXRlIjo2MDAwMDAwMDAwMDAsImRlbGV0ZSI6OTAwMDAwMDAwMDAwfSwic2NoZW1hX3ZlcnNpb24iOiIxIn0=",
          "dependencies": [
            "aws_default_vpc.default"
          ]
        }
      ]
    }
  ],
  "check_results": null
}
